
Microsoft Visual Studio Solution File, Format Version 12.00
# Visual Studio Version 16
VisualStudioVersion = 16.0.29009.5
MinimumVisualStudioVersion = 10.0.40219.1
Project("{FAE04EC0-301F-11D3-BF4B-00C04F79EFBC}") = "CharacterCreator", "CharacterCreator\CharacterCreator.csproj", "{255D3BE5-03B9-4E86-BD36-4565A37ED5C3}"
EndProject
Global
	GlobalSection(SolutionConfigurationPlatforms) = preSolution
		Debug|Any CPU = Debug|Any CPU
		Release|Any CPU = Release|Any CPU
	EndGlobalSection
	GlobalSection(ProjectConfigurationPlatforms) = postSolution
		{255D3BE5-03B9-4E86-BD36-4565A37ED5C3}.Debug|Any CPU.ActiveCfg = Debug|Any CPU
		{255D3BE5-03B9-4E86-BD36-4565A37ED5C3}.Debug|Any CPU.Build.0 = Debug|Any CPU
		{255D3BE5-03B9-4E86-BD36-4565A37ED5C3}.Release|Any CPU.ActiveCfg = Release|Any CPU
		{255D3BE5-03B9-4E86-BD36-4565A37ED5C3}.Release|Any CPU.Build.0 = Release|Any CPU
	EndGlobalSection
	GlobalSection(SolutionProperties) = preSolution
		HideSolutionNode = FALSE
	EndGlobalSection
	GlobalSection(ExtensibilityGlobals) = postSolution
		SolutionGuid = {62F391EC-9B17-454E-8DAA-255FE27E961A}
	EndGlobalSection
EndGlobal
